
Microsoft Visual Studio Solution File, Format Version 12.00
# Visual Studio Version 17
VisualStudioVersion = 17.9.34714.143
MinimumVisualStudioVersion = 10.0.40219.1
Project("{FAE04EC0-301F-11D3-BF4B-00C04F79EFBC}") = "MyProjectFOrGitHubPractice", "MyProjectFOrGitHubPractice.csproj", "{AD8EF082-FF90-44C7-91E0-ED71A050B24E}"
EndProject
Global
	GlobalSection(SolutionConfigurationPlatforms) = preSolution
		Debug|Any CPU = Debug|Any CPU
		Release|Any CPU = Release|Any CPU
	EndGlobalSection
	GlobalSection(ProjectConfigurationPlatforms) = postSolution
		{AD8EF082-FF90-44C7-91E0-ED71A050B24E}.Debug|Any CPU.ActiveCfg = Debug|Any CPU
		{AD8EF082-FF90-44C7-91E0-ED71A050B24E}.Debug|Any CPU.Build.0 = Debug|Any CPU
		{AD8EF082-FF90-44C7-91E0-ED71A050B24E}.Release|Any CPU.ActiveCfg = Release|Any CPU
		{AD8EF082-FF90-44C7-91E0-ED71A050B24E}.Release|Any CPU.Build.0 = Release|Any CPU
	EndGlobalSection
	GlobalSection(SolutionProperties) = preSolution
		HideSolutionNode = FALSE
	EndGlobalSection
	GlobalSection(ExtensibilityGlobals) = postSolution
		SolutionGuid = {A59F5AB6-360E-4E51-862E-427C98C98861}
	EndGlobalSection
EndGlobal
